
Microsoft Visual Studio Solution File, Format Version 12.00
# Visual Studio Version 17
VisualStudioVersion = 17.5.33530.505
MinimumVisualStudioVersion = 10.0.40219.1
Project("{9A19103F-16F7-4668-BE54-9A1E7A4F7556}") = "SOTAmatWSJTskimmer", "SOTAmatWSJTskimmer\SOTAmatWSJTskimmer.csproj", "{E1B40903-B499-4291-A289-1FA50B11A230}"
EndProject
Project("{9A19103F-16F7-4668-BE54-9A1E7A4F7556}") = "WsjtxUdpLib", "libs\m0lte\WsjtxUdpLib\WsjtxUdpLib.csproj", "{16224AEA-2C1E-44C2-B395-5E63F655D03A}"
EndProject
Global
	GlobalSection(SolutionConfigurationPlatforms) = preSolution
		Debug|Any CPU = Debug|Any CPU
		Release|Any CPU = Release|Any CPU
	EndGlobalSection
	GlobalSection(ProjectConfigurationPlatforms) = postSolution
		{E1B40903-B499-4291-A289-1FA50B11A230}.Debug|Any CPU.ActiveCfg = Debug|Any CPU
		{E1B40903-B499-4291-A289-1FA50B11A230}.Debug|Any CPU.Build.0 = Debug|Any CPU
		{E1B40903-B499-4291-A289-1FA50B11A230}.Release|Any CPU.ActiveCfg = Release|Any CPU
		{E1B40903-B499-4291-A289-1FA50B11A230}.Release|Any CPU.Build.0 = Release|Any CPU
		{16224AEA-2C1E-44C2-B395-5E63F655D03A}.Debug|Any CPU.ActiveCfg = Debug|Any CPU
		{16224AEA-2C1E-44C2-B395-5E63F655D03A}.Debug|Any CPU.Build.0 = Debug|Any CPU
		{16224AEA-2C1E-44C2-B395-5E63F655D03A}.Release|Any CPU.ActiveCfg = Release|Any CPU
		{16224AEA-2C1E-44C2-B395-5E63F655D03A}.Release|Any CPU.Build.0 = Release|Any CPU
	EndGlobalSection
	GlobalSection(SolutionProperties) = preSolution
		HideSolutionNode = FALSE
	EndGlobalSection
	GlobalSection(ExtensibilityGlobals) = postSolution
		SolutionGuid = {14ED2477-9735-4FEB-85A2-3A93D3F32B27}
	EndGlobalSection
EndGlobal
